
Microsoft Visual Studio Solution File, Format Version 12.00
# Visual Studio Version 17
VisualStudioVersion = 17.14.36705.20 d17.14
MinimumVisualStudioVersion = 10.0.40219.1
Project("{FAE04EC0-301F-11D3-BF4B-00C04F79EFBC}") = "Dixen.API", "Dixen.API\Dixen.API.csproj", "{82CB61DE-C3C1-4694-9F6B-239B91F3D561}"
EndProject
Project("{FAE04EC0-301F-11D3-BF4B-00C04F79EFBC}") = "Dixen.Repo", "Dixen.Repo\Dixen.Repo.csproj", "{FF348EC5-53A4-428E-B854-A8199315A115}"
EndProject
Project("{FAE04EC0-301F-11D3-BF4B-00C04F79EFBC}") = "DixenXUnitTest", "DixenXUnitTest\DixenXUnitTest.csproj", "{89DC702A-569C-46F7-B468-CCFA4FA50C43}"
EndProject
Global
	GlobalSection(SolutionConfigurationPlatforms) = preSolution
		Debug|Any CPU = Debug|Any CPU
		Release|Any CPU = Release|Any CPU
	EndGlobalSection
	GlobalSection(ProjectConfigurationPlatforms) = postSolution
		{82CB61DE-C3C1-4694-9F6B-239B91F3D561}.Debug|Any CPU.ActiveCfg = Debug|Any CPU
		{82CB61DE-C3C1-4694-9F6B-239B91F3D561}.Debug|Any CPU.Build.0 = Debug|Any CPU
		{82CB61DE-C3C1-4694-9F6B-239B91F3D561}.Release|Any CPU.ActiveCfg = Release|Any CPU
		{82CB61DE-C3C1-4694-9F6B-239B91F3D561}.Release|Any CPU.Build.0 = Release|Any CPU
		{FF348EC5-53A4-428E-B854-A8199315A115}.Debug|Any CPU.ActiveCfg = Debug|Any CPU
		{FF348EC5-53A4-428E-B854-A8199315A115}.Debug|Any CPU.Build.0 = Debug|Any CPU
		{FF348EC5-53A4-428E-B854-A8199315A115}.Release|Any CPU.ActiveCfg = Release|Any CPU
		{FF348EC5-53A4-428E-B854-A8199315A115}.Release|Any CPU.Build.0 = Release|Any CPU
		{89DC702A-569C-46F7-B468-CCFA4FA50C43}.Debug|Any CPU.ActiveCfg = Debug|Any CPU
		{89DC702A-569C-46F7-B468-CCFA4FA50C43}.Debug|Any CPU.Build.0 = Debug|Any CPU
		{89DC702A-569C-46F7-B468-CCFA4FA50C43}.Release|Any CPU.ActiveCfg = Release|Any CPU
		{89DC702A-569C-46F7-B468-CCFA4FA50C43}.Release|Any CPU.Build.0 = Release|Any CPU
	EndGlobalSection
	GlobalSection(SolutionProperties) = preSolution
		HideSolutionNode = FALSE
	EndGlobalSection
	GlobalSection(ExtensibilityGlobals) = postSolution
		SolutionGuid = {794E2E48-478E-4AD0-B608-B53685200060}
	EndGlobalSection
EndGlobal
